
Microsoft Visual Studio Solution File, Format Version 12.00
# Visual Studio 15
VisualStudioVersion = 15.0.27428.2037
MinimumVisualStudioVersion = 10.0.40219.1
Project("{FAE04EC0-301F-11D3-BF4B-00C04F79EFBC}") = "Albumer.UI.Console", "Albumer\Albumer.UI.Console.csproj", "{E0BE910A-4FE3-4B90-9B94-C263F2FDC451}"
EndProject
Project("{FAE04EC0-301F-11D3-BF4B-00C04F79EFBC}") = "Albumer.Domain", "Albumer.Domain\Albumer.Domain.csproj", "{6C71F5BB-4A71-47E2-9343-34B2CCC8EDB5}"
EndProject
Global
	GlobalSection(SolutionConfigurationPlatforms) = preSolution
		Debug|Any CPU = Debug|Any CPU
		Release|Any CPU = Release|Any CPU
	EndGlobalSection
	GlobalSection(ProjectConfigurationPlatforms) = postSolution
		{E0BE910A-4FE3-4B90-9B94-C263F2FDC451}.Debug|Any CPU.ActiveCfg = Debug|Any CPU
		{E0BE910A-4FE3-4B90-9B94-C263F2FDC451}.Debug|Any CPU.Build.0 = Debug|Any CPU
		{E0BE910A-4FE3-4B90-9B94-C263F2FDC451}.Release|Any CPU.ActiveCfg = Release|Any CPU
		{E0BE910A-4FE3-4B90-9B94-C263F2FDC451}.Release|Any CPU.Build.0 = Release|Any CPU
		{6C71F5BB-4A71-47E2-9343-34B2CCC8EDB5}.Debug|Any CPU.ActiveCfg = Debug|Any CPU
		{6C71F5BB-4A71-47E2-9343-34B2CCC8EDB5}.Debug|Any CPU.Build.0 = Debug|Any CPU
		{6C71F5BB-4A71-47E2-9343-34B2CCC8EDB5}.Release|Any CPU.ActiveCfg = Release|Any CPU
		{6C71F5BB-4A71-47E2-9343-34B2CCC8EDB5}.Release|Any CPU.Build.0 = Release|Any CPU
	EndGlobalSection
	GlobalSection(SolutionProperties) = preSolution
		HideSolutionNode = FALSE
	EndGlobalSection
	GlobalSection(ExtensibilityGlobals) = postSolution
		SolutionGuid = {C4B3D232-C3C4-4A4B-8DE3-02A41BC18358}
	EndGlobalSection
EndGlobal
